
Microsoft Visual Studio Solution File, Format Version 12.00
# Visual Studio Version 17
VisualStudioVersion = 17.3.32929.385
MinimumVisualStudioVersion = 10.0.40219.1
Project("{FAE04EC0-301F-11D3-BF4B-00C04F79EFBC}") = "Flynk", "Flynk.csproj", "{527C3F66-029C-454A-84F0-F6F44867D074}"
EndProject
Global
	GlobalSection(SolutionConfigurationPlatforms) = preSolution
		Debug|Any CPU = Debug|Any CPU
		Release|Any CPU = Release|Any CPU
	EndGlobalSection
	GlobalSection(ProjectConfigurationPlatforms) = postSolution
		{527C3F66-029C-454A-84F0-F6F44867D074}.Debug|Any CPU.ActiveCfg = Debug|Any CPU
		{527C3F66-029C-454A-84F0-F6F44867D074}.Debug|Any CPU.Build.0 = Debug|Any CPU
		{527C3F66-029C-454A-84F0-F6F44867D074}.Release|Any CPU.ActiveCfg = Release|Any CPU
		{527C3F66-029C-454A-84F0-F6F44867D074}.Release|Any CPU.Build.0 = Release|Any CPU
	EndGlobalSection
	GlobalSection(SolutionProperties) = preSolution
		HideSolutionNode = FALSE
	EndGlobalSection
	GlobalSection(ExtensibilityGlobals) = postSolution
		SolutionGuid = {29D21EAC-55A1-421D-84C9-AC61EE7307C8}
	EndGlobalSection
EndGlobal
